Microsoft Visual Studio Solution File, Format Version 12.00
# Visual Studio 2012
Project("{FAE04EC0-301F-11D3-BF4B-00C04F79EFBC}") = "Godot-overhead-driving", "Godot-overhead-driving.csproj", "{CF5E6A71-12D0-41EB-BAD5-39BF56635834}"
EndProject
Global
	GlobalSection(SolutionConfigurationPlatforms) = preSolution
	Debug|Any CPU = Debug|Any CPU
	ExportDebug|Any CPU = ExportDebug|Any CPU
	ExportRelease|Any CPU = ExportRelease|Any CPU
	EndGlobalSection
	GlobalSection(ProjectConfigurationPlatforms) = postSolution
		{CF5E6A71-12D0-41EB-BAD5-39BF56635834}.Debug|Any CPU.ActiveCfg = Debug|Any CPU
		{CF5E6A71-12D0-41EB-BAD5-39BF56635834}.Debug|Any CPU.Build.0 = Debug|Any CPU
		{CF5E6A71-12D0-41EB-BAD5-39BF56635834}.ExportDebug|Any CPU.ActiveCfg = ExportDebug|Any CPU
		{CF5E6A71-12D0-41EB-BAD5-39BF56635834}.ExportDebug|Any CPU.Build.0 = ExportDebug|Any CPU
		{CF5E6A71-12D0-41EB-BAD5-39BF56635834}.ExportRelease|Any CPU.ActiveCfg = ExportRelease|Any CPU
		{CF5E6A71-12D0-41EB-BAD5-39BF56635834}.ExportRelease|Any CPU.Build.0 = ExportRelease|Any CPU
	EndGlobalSection
EndGlobal
